
Microsoft Visual Studio Solution File, Format Version 12.00
# Visual Studio Version 17
VisualStudioVersion = 17.2.32630.192
MinimumVisualStudioVersion = 10.0.40219.1
Project("{FAE04EC0-301F-11D3-BF4B-00C04F79EFBC}") = "Sistema Escolar", "Sistema Escolar.csproj", "{2ABFA2D3-6AD5-4ECE-AA11-4A2000F2FC22}"
EndProject
Global
	GlobalSection(SolutionConfigurationPlatforms) = preSolution
		Debug|Any CPU = Debug|Any CPU
		Release|Any CPU = Release|Any CPU
	EndGlobalSection
	GlobalSection(ProjectConfigurationPlatforms) = postSolution
		{2ABFA2D3-6AD5-4ECE-AA11-4A2000F2FC22}.Debug|Any CPU.ActiveCfg = Debug|Any CPU
		{2ABFA2D3-6AD5-4ECE-AA11-4A2000F2FC22}.Debug|Any CPU.Build.0 = Debug|Any CPU
		{2ABFA2D3-6AD5-4ECE-AA11-4A2000F2FC22}.Release|Any CPU.ActiveCfg = Release|Any CPU
		{2ABFA2D3-6AD5-4ECE-AA11-4A2000F2FC22}.Release|Any CPU.Build.0 = Release|Any CPU
	EndGlobalSection
	GlobalSection(SolutionProperties) = preSolution
		HideSolutionNode = FALSE
	EndGlobalSection
	GlobalSection(ExtensibilityGlobals) = postSolution
		SolutionGuid = {CC70D3AA-913F-470C-A5B7-716F2611EA60}
	EndGlobalSection
EndGlobal
